
Microsoft Visual Studio Solution File, Format Version 12.00
# Visual Studio 15
VisualStudioVersion = 15.0.28307.271
MinimumVisualStudioVersion = 10.0.40219.1
Project("{FAE04EC0-301F-11D3-BF4B-00C04F79EFBC}") = "MoviesMobileWeb", "MoviesMobileWeb\MoviesMobileWeb.csproj", "{A9F80329-2C79-4A77-9AD8-01387134D02D}"
EndProject
Global
	GlobalSection(SolutionConfigurationPlatforms) = preSolution
		Debug|Any CPU = Debug|Any CPU
		Release|Any CPU = Release|Any CPU
	EndGlobalSection
	GlobalSection(ProjectConfigurationPlatforms) = postSolution
		{A9F80329-2C79-4A77-9AD8-01387134D02D}.Debug|Any CPU.ActiveCfg = Debug|Any CPU
		{A9F80329-2C79-4A77-9AD8-01387134D02D}.Debug|Any CPU.Build.0 = Debug|Any CPU
		{A9F80329-2C79-4A77-9AD8-01387134D02D}.Release|Any CPU.ActiveCfg = Release|Any CPU
		{A9F80329-2C79-4A77-9AD8-01387134D02D}.Release|Any CPU.Build.0 = Release|Any CPU
	EndGlobalSection
	GlobalSection(SolutionProperties) = preSolution
		HideSolutionNode = FALSE
	EndGlobalSection
	GlobalSection(ExtensibilityGlobals) = postSolution
		SolutionGuid = {15C967ED-BFF5-48CA-817C-4754199FFDA4}
	EndGlobalSection
EndGlobal
